{
  "object": {
    "pins": [
      {
        "package": "BigInt",
        "repositoryURL": "https://github.com/attaswift/BigInt",
        "state": {
          "branch": null,
          "revision": "0ed110f7555c34ff468e72e1686e59721f2b0da6",
          "version": "5.3.0"
        }
      },
      {
        "package": "CryptoSwift",
        "repositoryURL": "https://github.com/krzyzanowskim/CryptoSwift.git",
        "state": {
          "branch": null,
          "revision": "eee9ad754926c40a0f7e73f152357d37b119b7fa",
          "version": "1.7.1"
        }
      },
      {
        "package": "FetchNodeDetails",
        "repositoryURL": "https://github.com/torusresearch/fetch-node-details-swift.git",
        "state": {
          "branch": null,
          "revision": "94a0ee598abfcc2104ceeda80eecf4b55242ba62",
          "version": "4.0.1"
        }
      },
      {
        "package": "GenericJSON",
        "repositoryURL": "https://github.com/zoul/generic-json-swift",
        "state": {
          "branch": null,
          "revision": "0a06575f4038b504e78ac330913d920f1630f510",
          "version": "2.0.2"
        }
      },
      {
        "package": "jwt-kit",
        "repositoryURL": "https://github.com/vapor/jwt-kit.git",
        "state": {
          "branch": null,
          "revision": "ef12bdfa557cd9d9f0c53396e0a9908f773bcd7b",
          "version": "4.9.0"
        }
      },
      {
        "package": "JWTDecode",
        "repositoryURL": "https://github.com/auth0/JWTDecode.swift.git",
        "state": {
          "branch": null,
          "revision": "7918a343e674c7707e0be120bb4e21d679be014c",
          "version": "3.0.1"
        }
      },
      {
        "package": "Reachability",
        "repositoryURL": "https://github.com/ashleymills/Reachability.swift.git",
        "state": {
          "branch": "master",
          "revision": "a81b7367f2c46875f29577e03a60c39cdfad0c8d",
          "version": null
        }
      },
      {
        "package": "secp256k1",
        "repositoryURL": "https://github.com/Boilertalk/secp256k1.swift",
        "state": {
          "branch": null,
          "revision": "cd187c632fb812fd93711a9f7e644adb7e5f97f0",
          "version": "0.1.7"
        }
      },
      {
        "package": "swift-crypto",
        "repositoryURL": "https://github.com/apple/swift-crypto.git",
        "state": {
          "branch": null,
          "revision": "33a20e650c33f6d72d822d558333f2085effa3dc",
          "version": "2.5.0"
        }
      },
      {
        "package": "TorusUtils",
        "repositoryURL": "https://github.com/torusresearch/torus-utils-swift.git",
        "state": {
          "branch": null,
          "revision": "93823201f248ce15dab59c027790da4b73375aed",
          "version": "5.0.0"
        }
      },
      {
        "package": "web3.swift",
        "repositoryURL": "https://github.com/argentlabs/web3.swift",
        "state": {
          "branch": null,
          "revision": "0474eb5e883bc4800b3909833207a1d35e72b808",
          "version": "0.9.3"
        }
      }
    ]
  },
  "version": 1
}
