{
  "object": {
    "pins": [
      {
        "package": "AnyCodable",
        "repositoryURL": "https://github.com/Flight-School/AnyCodable",
        "state": {
          "branch": null,
          "revision": "862808b2070cd908cb04f9aafe7de83d35f81b05",
          "version": "0.6.7"
        }
      },
      {
        "package": "BigInt",
        "repositoryURL": "https://github.com/attaswift/BigInt",
        "state": {
          "branch": null,
          "revision": "0ed110f7555c34ff468e72e1686e59721f2b0da6",
          "version": "5.3.0"
        }
      },
      {
        "package": "curvelib.swift",
        "repositoryURL": "https://github.com/tkey/curvelib.swift",
        "state": {
          "branch": null,
          "revision": "2df9f638fd121b445ce3b410cd79ac4d0cfa94ed",
          "version": "1.0.0"
        }
      },
      {
        "package": "FetchNodeDetails",
        "repositoryURL": "https://github.com/torusresearch/fetch-node-details-swift.git",
        "state": {
          "branch": null,
          "revision": "bf2f0759da5c5c80765773b08c2756045edf608f",
          "version": "5.2.0"
        }
      },
      {
        "package": "jwt-kit",
        "repositoryURL": "https://github.com/vapor/jwt-kit.git",
        "state": {
          "branch": null,
          "revision": "9e929d925434b91857661bcd455d1bd53f00bf22",
          "version": "4.13.0"
        }
      },
      {
        "package": "JWTDecode",
        "repositoryURL": "https://github.com/auth0/JWTDecode.swift.git",
        "state": {
          "branch": null,
          "revision": "58af7278797871e460d79496621b3e5366b865b2",
          "version": "3.1.0"
        }
      },
      {
        "package": "swift-crypto",
        "repositoryURL": "https://github.com/apple/swift-crypto.git",
        "state": {
          "branch": null,
          "revision": "33a20e650c33f6d72d822d558333f2085effa3dc",
          "version": "2.5.0"
        }
      },
      {
        "package": "TorusUtils",
        "repositoryURL": "https://github.com/torusresearch/torus-utils-swift.git",
        "state": {
          "branch": null,
          "revision": "cd26539ac407bc89e416b566aca67819ea5db951",
          "version": "8.0.2"
        }
      }
    ]
  },
  "version": 1
}
