{
  "originHash" : "18b632e2194394e0c1a608ed933754bf428e89a5fb32ba332befd79edc99e5f5",
  "pins" : [
    {
      "identity" : "bigint",
      "kind" : "remoteSourceControl",
      "location" : "https://github.com/attaswift/BigInt.git",
      "state" : {
        "revision" : "793a7fac0bfc318e85994bf6900652e827aef33e",
        "version" : "5.4.1"
      }
    },
    {
      "identity" : "curvelib.swift",
      "kind" : "remoteSourceControl",
      "location" : "https://github.com/tkey/curvelib.swift",
      "state" : {
        "revision" : "432bf1abe7ff505fc2ac9fcf697341ff5b2dc6d0",
        "version" : "2.0.0"
      }
    },
    {
      "identity" : "customauth-swift-sdk",
      "kind" : "remoteSourceControl",
      "location" : "https://github.com/torusresearch/customauth-swift-sdk/",
      "state" : {
        "revision" : "a06983fa1525f2ca2aa58229dafd94faf88cdc0e",
        "version" : "11.0.0"
      }
    },
    {
      "identity" : "fetch-node-details-swift",
      "kind" : "remoteSourceControl",
      "location" : "https://github.com/torusresearch/fetch-node-details-swift",
      "state" : {
        "revision" : "52fb5efaa94e0fe3775913ab00964bcb51601c2a",
        "version" : "8.0.0"
      }
    },
    {
      "identity" : "jwtdecode.swift",
      "kind" : "remoteSourceControl",
      "location" : "https://github.com/auth0/JWTDecode.swift.git",
      "state" : {
        "revision" : "1e153ef009969543191970c66b7c60163c0b4a65",
        "version" : "3.2.0"
      }
    },
    {
      "identity" : "torus-utils-swift",
      "kind" : "remoteSourceControl",
      "location" : "https://github.com/torusresearch/torus-utils-swift.git",
      "state" : {
        "revision" : "baa822fc67bdb208ed1a2dc5b3c10485cfca15df",
        "version" : "10.0.0"
      }
    }
  ],
  "version" : 3
}
