{
  "originHash" : "18b632e2194394e0c1a608ed933754bf428e89a5fb32ba332befd79edc99e5f5",
  "pins" : [
    {
      "identity" : "bigint",
      "kind" : "remoteSourceControl",
      "location" : "https://github.com/attaswift/BigInt.git",
      "state" : {
        "revision" : "793a7fac0bfc318e85994bf6900652e827aef33e",
        "version" : "5.4.1"
      }
    },
    {
      "identity" : "curvelib.swift",
      "kind" : "remoteSourceControl",
      "location" : "https://github.com/tkey/curvelib.swift",
      "state" : {
        "revision" : "9f88bd5e56d1df443a908f7a7e81ae4f4d9170ea",
        "version" : "1.0.1"
      }
    },
    {
      "identity" : "customauth-swift-sdk",
      "kind" : "remoteSourceControl",
      "location" : "https://github.com/torusresearch/customauth-swift-sdk/",
      "state" : {
        "branch" : "features_update",
        "revision" : "045d57c57c1bfcc5fa951dd510e6f840c5af8d88"
      }
    },
    {
      "identity" : "fetch-node-details-swift",
      "kind" : "remoteSourceControl",
      "location" : "https://github.com/torusresearch/fetch-node-details-swift",
      "state" : {
        "revision" : "4bd96c33ba8d02d9e27190c5c7cedf09cfdfd656",
        "version" : "6.0.3"
      }
    },
    {
      "identity" : "jwtdecode.swift",
      "kind" : "remoteSourceControl",
      "location" : "https://github.com/auth0/JWTDecode.swift.git",
      "state" : {
        "revision" : "58af7278797871e460d79496621b3e5366b865b2",
        "version" : "3.1.0"
      }
    },
    {
      "identity" : "torus-utils-swift",
      "kind" : "remoteSourceControl",
      "location" : "https://github.com/torusresearch/torus-utils-swift.git",
      "state" : {
        "revision" : "7788752bed699b3d34e78c2c51174f814d02610b",
        "version" : "9.0.0"
      }
    }
  ],
  "version" : 3
}
