// !$*UTF8*$!
{
	archiveVersion = 1;
	classes = {
	};
	objectVersion = 52;
	objects = {

/* Begin PBXBuildFile section */
		511CEACC2452D4EC00A7ACE9 /* AppDelegate.swift in Sources */ = {isa = PBXBuildFile; fileRef = 511CEACB2452D4EC00A7ACE9 /* AppDelegate.swift */; };
		511CEACE2452D4EC00A7ACE9 /* SceneDelegate.swift in Sources */ = {isa = PBXBuildFile; fileRef = 511CEACD2452D4EC00A7ACE9 /* SceneDelegate.swift */; };
		511CEAD02452D4EC00A7ACE9 /* ContentView.swift in Sources */ = {isa = PBXBuildFile; fileRef = 511CEACF2452D4EC00A7ACE9 /* ContentView.swift */; };
		511CEAD22452D4EF00A7ACE9 /* Assets.xcassets in Resources */ = {isa = PBXBuildFile; fileRef = 511CEAD12452D4EF00A7ACE9 /* Assets.xcassets */; };
		511CEAD52452D4EF00A7ACE9 /* Preview Assets.xcassets in Resources */ = {isa = PBXBuildFile; fileRef = 511CEAD42452D4EF00A7ACE9 /* Preview Assets.xcassets */; };
		511CEAD82452D4EF00A7ACE9 /* LaunchScreen.storyboard in Resources */ = {isa = PBXBuildFile; fileRef = 511CEAD62452D4EF00A7ACE9 /* LaunchScreen.storyboard */; };
		511CEAE32452D4EF00A7ACE9 /* TorusDirectSDKDemoTests.swift in Sources */ = {isa = PBXBuildFile; fileRef = 511CEAE22452D4EF00A7ACE9 /* TorusDirectSDKDemoTests.swift */; };
		511CEAEE2452D4EF00A7ACE9 /* TorusDirectSDKDemoUITests.swift in Sources */ = {isa = PBXBuildFile; fileRef = 511CEAED2452D4EF00A7ACE9 /* TorusDirectSDKDemoUITests.swift */; };
		51775EB72484B66A00A29680 /* TorusSwiftDirectSDK in Frameworks */ = {isa = PBXBuildFile; productRef = 51775EB62484B66A00A29680 /* TorusSwiftDirectSDK */; };
/* End PBXBuildFile section */

/* Begin PBXContainerItemProxy section */
		511CEADF2452D4EF00A7ACE9 /* PBXContainerItemProxy */ = {
			isa = PBXContainerItemProxy;
			containerPortal = 511CEAC02452D4EC00A7ACE9 /* Project object */;
			proxyType = 1;
			remoteGlobalIDString = 511CEAC72452D4EC00A7ACE9;
			remoteInfo = TorusDirectSDKDemo;
		};
		511CEAEA2452D4EF00A7ACE9 /* PBXContainerItemProxy */ = {
			isa = PBXContainerItemProxy;
			containerPortal = 511CEAC02452D4EC00A7ACE9 /* Project object */;
			proxyType = 1;
			remoteGlobalIDString = 511CEAC72452D4EC00A7ACE9;
			remoteInfo = TorusDirectSDKDemo;
		};
/* End PBXContainerItemProxy section */

/* Begin PBXFileReference section */
		511CEAC82452D4EC00A7ACE9 /* TorusDirectSDKDemo.app */ = {isa = PBXFileReference; explicitFileType = wrapper.application; includeInIndex = 0; path = TorusDirectSDKDemo.app; sourceTree = BUILT_PRODUCTS_DIR; };
		511CEACB2452D4EC00A7ACE9 /* AppDelegate.swift */ = {isa = PBXFileReference; lastKnownFileType = sourcecode.swift; path = AppDelegate.swift; sourceTree = "<group>"; };
		511CEACD2452D4EC00A7ACE9 /* SceneDelegate.swift */ = {isa = PBXFileReference; lastKnownFileType = sourcecode.swift; path = SceneDelegate.swift; sourceTree = "<group>"; };
		511CEACF2452D4EC00A7ACE9 /* ContentView.swift */ = {isa = PBXFileReference; lastKnownFileType = sourcecode.swift; path = ContentView.swift; sourceTree = "<group>"; };
		511CEAD12452D4EF00A7ACE9 /* Assets.xcassets */ = {isa = PBXFileReference; lastKnownFileType = folder.assetcatalog; path = Assets.xcassets; sourceTree = "<group>"; };
		511CEAD42452D4EF00A7ACE9 /* Preview Assets.xcassets */ = {isa = PBXFileReference; lastKnownFileType = folder.assetcatalog; path = "Preview Assets.xcassets"; sourceTree = "<group>"; };
		511CEAD72452D4EF00A7ACE9 /* Base */ = {isa = PBXFileReference; lastKnownFileType = file.storyboard; name = Base; path = Base.lproj/LaunchScreen.storyboard; sourceTree = "<group>"; };
		511CEAD92452D4EF00A7ACE9 /* Info.plist */ = {isa = PBXFileReference; lastKnownFileType = text.plist.xml; path = Info.plist; sourceTree = "<group>"; };
		511CEADE2452D4EF00A7ACE9 /* TorusDirectSDKDemoTests.xctest */ = {isa = PBXFileReference; explicitFileType = wrapper.cfbundle; includeInIndex = 0; path = TorusDirectSDKDemoTests.xctest; sourceTree = BUILT_PRODUCTS_DIR; };
		511CEAE22452D4EF00A7ACE9 /* TorusDirectSDKDemoTests.swift */ = {isa = PBXFileReference; lastKnownFileType = sourcecode.swift; path = TorusDirectSDKDemoTests.swift; sourceTree = "<group>"; };
		511CEAE42452D4EF00A7ACE9 /* Info.plist */ = {isa = PBXFileReference; lastKnownFileType = text.plist.xml; path = Info.plist; sourceTree = "<group>"; };
		511CEAE92452D4EF00A7ACE9 /* TorusDirectSDKDemoUITests.xctest */ = {isa = PBXFileReference; explicitFileType = wrapper.cfbundle; includeInIndex = 0; path = TorusDirectSDKDemoUITests.xctest; sourceTree = BUILT_PRODUCTS_DIR; };
		511CEAED2452D4EF00A7ACE9 /* TorusDirectSDKDemoUITests.swift */ = {isa = PBXFileReference; lastKnownFileType = sourcecode.swift; path = TorusDirectSDKDemoUITests.swift; sourceTree = "<group>"; };
		511CEAEF2452D4EF00A7ACE9 /* Info.plist */ = {isa = PBXFileReference; lastKnownFileType = text.plist.xml; path = Info.plist; sourceTree = "<group>"; };
		51721D842474E4B700C22BAD /* torus-direct-swift-sdk */ = {isa = PBXFileReference; lastKnownFileType = folder; name = "torus-direct-swift-sdk"; path = ..; sourceTree = "<group>"; };
		517C5F5D24693F9D006D5A43 /* TorusDirectSDKDemo.entitlements */ = {isa = PBXFileReference; lastKnownFileType = text.plist.entitlements; path = TorusDirectSDKDemo.entitlements; sourceTree = "<group>"; };
/* End PBXFileReference section */

/* Begin PBXFrameworksBuildPhase section */
		511CEAC52452D4EC00A7ACE9 /* Frameworks */ = {
			isa = PBXFrameworksBuildPhase;
			buildActionMask = 2147483647;
			files = (
				51775EB72484B66A00A29680 /* TorusSwiftDirectSDK in Frameworks */,
			);
			runOnlyForDeploymentPostprocessing = 0;
		};
		511CEADB2452D4EF00A7ACE9 /* Frameworks */ = {
			isa = PBXFrameworksBuildPhase;
			buildActionMask = 2147483647;
			files = (
			);
			runOnlyForDeploymentPostprocessing = 0;
		};
		511CEAE62452D4EF00A7ACE9 /* Frameworks */ = {
			isa = PBXFrameworksBuildPhase;
			buildActionMask = 2147483647;
			files = (
			);
			runOnlyForDeploymentPostprocessing = 0;
		};
/* End PBXFrameworksBuildPhase section */

/* Begin PBXGroup section */
		18B4F998A7F88C302F18BA73 /* Frameworks */ = {
			isa = PBXGroup;
			children = (
				51721D842474E4B700C22BAD /* torus-direct-swift-sdk */,
			);
			name = Frameworks;
			sourceTree = "<group>";
		};
		511CEABF2452D4EC00A7ACE9 = {
			isa = PBXGroup;
			children = (
				511CEACA2452D4EC00A7ACE9 /* TorusDirectSDKDemo */,
				511CEAE12452D4EF00A7ACE9 /* TorusDirectSDKDemoTests */,
				511CEAEC2452D4EF00A7ACE9 /* TorusDirectSDKDemoUITests */,
				511CEAC92452D4EC00A7ACE9 /* Products */,
				A84257F51AACA6652F347CFD /* Pods */,
				18B4F998A7F88C302F18BA73 /* Frameworks */,
			);
			sourceTree = "<group>";
		};
		511CEAC92452D4EC00A7ACE9 /* Products */ = {
			isa = PBXGroup;
			children = (
				511CEAC82452D4EC00A7ACE9 /* TorusDirectSDKDemo.app */,
				511CEADE2452D4EF00A7ACE9 /* TorusDirectSDKDemoTests.xctest */,
				511CEAE92452D4EF00A7ACE9 /* TorusDirectSDKDemoUITests.xctest */,
			);
			name = Products;
			sourceTree = "<group>";
		};
		511CEACA2452D4EC00A7ACE9 /* TorusDirectSDKDemo */ = {
			isa = PBXGroup;
			children = (
				517C5F5D24693F9D006D5A43 /* TorusDirectSDKDemo.entitlements */,
				511CEACB2452D4EC00A7ACE9 /* AppDelegate.swift */,
				511CEACD2452D4EC00A7ACE9 /* SceneDelegate.swift */,
				511CEACF2452D4EC00A7ACE9 /* ContentView.swift */,
				511CEAD12452D4EF00A7ACE9 /* Assets.xcassets */,
				511CEAD62452D4EF00A7ACE9 /* LaunchScreen.storyboard */,
				511CEAD92452D4EF00A7ACE9 /* Info.plist */,
				511CEAD32452D4EF00A7ACE9 /* Preview Content */,
			);
			path = TorusDirectSDKDemo;
			sourceTree = "<group>";
		};
		511CEAD32452D4EF00A7ACE9 /* Preview Content */ = {
			isa = PBXGroup;
			children = (
				511CEAD42452D4EF00A7ACE9 /* Preview Assets.xcassets */,
			);
			path = "Preview Content";
			sourceTree = "<group>";
		};
		511CEAE12452D4EF00A7ACE9 /* TorusDirectSDKDemoTests */ = {
			isa = PBXGroup;
			children = (
				511CEAE22452D4EF00A7ACE9 /* TorusDirectSDKDemoTests.swift */,
				511CEAE42452D4EF00A7ACE9 /* Info.plist */,
			);
			path = TorusDirectSDKDemoTests;
			sourceTree = "<group>";
		};
		511CEAEC2452D4EF00A7ACE9 /* TorusDirectSDKDemoUITests */ = {
			isa = PBXGroup;
			children = (
				511CEAED2452D4EF00A7ACE9 /* TorusDirectSDKDemoUITests.swift */,
				511CEAEF2452D4EF00A7ACE9 /* Info.plist */,
			);
			path = TorusDirectSDKDemoUITests;
			sourceTree = "<group>";
		};
		A84257F51AACA6652F347CFD /* Pods */ = {
			isa = PBXGroup;
			children = (
			);
			path = Pods;
			sourceTree = "<group>";
		};
/* End PBXGroup section */

/* Begin PBXNativeTarget section */
		511CEAC72452D4EC00A7ACE9 /* TorusDirectSDKDemo */ = {
			isa = PBXNativeTarget;
			buildConfigurationList = 511CEAF22452D4EF00A7ACE9 /* Build configuration list for PBXNativeTarget "TorusDirectSDKDemo" */;
			buildPhases = (
				511CEAC42452D4EC00A7ACE9 /* Sources */,
				511CEAC52452D4EC00A7ACE9 /* Frameworks */,
				511CEAC62452D4EC00A7ACE9 /* Resources */,
			);
			buildRules = (
			);
			dependencies = (
			);
			name = TorusDirectSDKDemo;
			packageProductDependencies = (
				51775EB62484B66A00A29680 /* TorusSwiftDirectSDK */,
			);
			productName = TorusDirectSDKDemo;
			productReference = 511CEAC82452D4EC00A7ACE9 /* TorusDirectSDKDemo.app */;
			productType = "com.apple.product-type.application";
		};
		511CEADD2452D4EF00A7ACE9 /* TorusDirectSDKDemoTests */ = {
			isa = PBXNativeTarget;
			buildConfigurationList = 511CEAF52452D4EF00A7ACE9 /* Build configuration list for PBXNativeTarget "TorusDirectSDKDemoTests" */;
			buildPhases = (
				511CEADA2452D4EF00A7ACE9 /* Sources */,
				511CEADB2452D4EF00A7ACE9 /* Frameworks */,
				511CEADC2452D4EF00A7ACE9 /* Resources */,
			);
			buildRules = (
			);
			dependencies = (
				511CEAE02452D4EF00A7ACE9 /* PBXTargetDependency */,
			);
			name = TorusDirectSDKDemoTests;
			productName = TorusDirectSDKDemoTests;
			productReference = 511CEADE2452D4EF00A7ACE9 /* TorusDirectSDKDemoTests.xctest */;
			productType = "com.apple.product-type.bundle.unit-test";
		};
		511CEAE82452D4EF00A7ACE9 /* TorusDirectSDKDemoUITests */ = {
			isa = PBXNativeTarget;
			buildConfigurationList = 511CEAF82452D4EF00A7ACE9 /* Build configuration list for PBXNativeTarget "TorusDirectSDKDemoUITests" */;
			buildPhases = (
				511CEAE52452D4EF00A7ACE9 /* Sources */,
				511CEAE62452D4EF00A7ACE9 /* Frameworks */,
				511CEAE72452D4EF00A7ACE9 /* Resources */,
			);
			buildRules = (
			);
			dependencies = (
				511CEAEB2452D4EF00A7ACE9 /* PBXTargetDependency */,
			);
			name = TorusDirectSDKDemoUITests;
			productName = TorusDirectSDKDemoUITests;
			productReference = 511CEAE92452D4EF00A7ACE9 /* TorusDirectSDKDemoUITests.xctest */;
			productType = "com.apple.product-type.bundle.ui-testing";
		};
/* End PBXNativeTarget section */

/* Begin PBXProject section */
		511CEAC02452D4EC00A7ACE9 /* Project object */ = {
			isa = PBXProject;
			attributes = {
				LastSwiftUpdateCheck = 1140;
				LastUpgradeCheck = 1250;
				ORGANIZATIONNAME = Shubham;
				TargetAttributes = {
					511CEAC72452D4EC00A7ACE9 = {
						CreatedOnToolsVersion = 11.4.1;
					};
					511CEADD2452D4EF00A7ACE9 = {
						CreatedOnToolsVersion = 11.4.1;
						TestTargetID = 511CEAC72452D4EC00A7ACE9;
					};
					511CEAE82452D4EF00A7ACE9 = {
						CreatedOnToolsVersion = 11.4.1;
						TestTargetID = 511CEAC72452D4EC00A7ACE9;
					};
				};
			};
			buildConfigurationList = 511CEAC32452D4EC00A7ACE9 /* Build configuration list for PBXProject "TorusDirectSDKDemo" */;
			compatibilityVersion = "Xcode 9.3";
			developmentRegion = en;
			hasScannedForEncodings = 0;
			knownRegions = (
				en,
				Base,
			);
			mainGroup = 511CEABF2452D4EC00A7ACE9;
			packageReferences = (
			);
			productRefGroup = 511CEAC92452D4EC00A7ACE9 /* Products */;
			projectDirPath = "";
			projectRoot = "";
			targets = (
				511CEAC72452D4EC00A7ACE9 /* TorusDirectSDKDemo */,
				511CEADD2452D4EF00A7ACE9 /* TorusDirectSDKDemoTests */,
				511CEAE82452D4EF00A7ACE9 /* TorusDirectSDKDemoUITests */,
			);
		};
/* End PBXProject section */

/* Begin PBXResourcesBuildPhase section */
		511CEAC62452D4EC00A7ACE9 /* Resources */ = {
			isa = PBXResourcesBuildPhase;
			buildActionMask = 2147483647;
			files = (
				511CEAD82452D4EF00A7ACE9 /* LaunchScreen.storyboard in Resources */,
				511CEAD52452D4EF00A7ACE9 /* Preview Assets.xcassets in Resources */,
				511CEAD22452D4EF00A7ACE9 /* Assets.xcassets in Resources */,
			);
			runOnlyForDeploymentPostprocessing = 0;
		};
		511CEADC2452D4EF00A7ACE9 /* Resources */ = {
			isa = PBXResourcesBuildPhase;
			buildActionMask = 2147483647;
			files = (
			);
			runOnlyForDeploymentPostprocessing = 0;
		};
		511CEAE72452D4EF00A7ACE9 /* Resources */ = {
			isa = PBXResourcesBuildPhase;
			buildActionMask = 2147483647;
			files = (
			);
			runOnlyForDeploymentPostprocessing = 0;
		};
/* End PBXResourcesBuildPhase section */

/* Begin PBXSourcesBuildPhase section */
		511CEAC42452D4EC00A7ACE9 /* Sources */ = {
			isa = PBXSourcesBuildPhase;
			buildActionMask = 2147483647;
			files = (
				511CEACC2452D4EC00A7ACE9 /* AppDelegate.swift in Sources */,
				511CEACE2452D4EC00A7ACE9 /* SceneDelegate.swift in Sources */,
				511CEAD02452D4EC00A7ACE9 /* ContentView.swift in Sources */,
			);
			runOnlyForDeploymentPostprocessing = 0;
		};
		511CEADA2452D4EF00A7ACE9 /* Sources */ = {
			isa = PBXSourcesBuildPhase;
			buildActionMask = 2147483647;
			files = (
				511CEAE32452D4EF00A7ACE9 /* TorusDirectSDKDemoTests.swift in Sources */,
			);
			runOnlyForDeploymentPostprocessing = 0;
		};
		511CEAE52452D4EF00A7ACE9 /* Sources */ = {
			isa = PBXSourcesBuildPhase;
			buildActionMask = 2147483647;
			files = (
				511CEAEE2452D4EF00A7ACE9 /* TorusDirectSDKDemoUITests.swift in Sources */,
			);
			runOnlyForDeploymentPostprocessing = 0;
		};
/* End PBXSourcesBuildPhase section */

/* Begin PBXTargetDependency section */
		511CEAE02452D4EF00A7ACE9 /* PBXTargetDependency */ = {
			isa = PBXTargetDependency;
			target = 511CEAC72452D4EC00A7ACE9 /* TorusDirectSDKDemo */;
			targetProxy = 511CEADF2452D4EF00A7ACE9 /* PBXContainerItemProxy */;
		};
		511CEAEB2452D4EF00A7ACE9 /* PBXTargetDependency */ = {
			isa = PBXTargetDependency;
			target = 511CEAC72452D4EC00A7ACE9 /* TorusDirectSDKDemo */;
			targetProxy = 511CEAEA2452D4EF00A7ACE9 /* PBXContainerItemProxy */;
		};
/* End PBXTargetDependency section */

/* Begin PBXVariantGroup section */
		511CEAD62452D4EF00A7ACE9 /* LaunchScreen.storyboard */ = {
			isa = PBXVariantGroup;
			children = (
				511CEAD72452D4EF00A7ACE9 /* Base */,
			);
			name = LaunchScreen.storyboard;
			sourceTree = "<group>";
		};
/* End PBXVariantGroup section */

/* Begin XCBuildConfiguration section */
		511CEAF02452D4EF00A7ACE9 /* Debug */ = {
			isa = XCBuildConfiguration;
			buildSettings = {
				ALWAYS_SEARCH_USER_PATHS = NO;
				CLANG_ANALYZER_NONNULL = YES;
				CLANG_ANALYZER_NUMBER_OBJECT_CONVERSION = YES_AGGRESSIVE;
				CLANG_CXX_LANGUAGE_STANDARD = "gnu++14";
				CLANG_CXX_LIBRARY = "libc++";
				CLANG_ENABLE_MODULES = YES;
				CLANG_ENABLE_OBJC_ARC = YES;
				CLANG_ENABLE_OBJC_WEAK = YES;
				CLANG_WARN_BLOCK_CAPTURE_AUTORELEASING = YES;
				CLANG_WARN_BOOL_CONVERSION = YES;
				CLANG_WARN_COMMA = YES;
				CLANG_WARN_CONSTANT_CONVERSION = YES;
				CLANG_WARN_DEPRECATED_OBJC_IMPLEMENTATIONS = YES;
				CLANG_WARN_DIRECT_OBJC_ISA_USAGE = YES_ERROR;
				CLANG_WARN_DOCUMENTATION_COMMENTS = YES;
				CLANG_WARN_EMPTY_BODY = YES;
				CLANG_WARN_ENUM_CONVERSION = YES;
				CLANG_WARN_INFINITE_RECURSION = YES;
				CLANG_WARN_INT_CONVERSION = YES;
				CLANG_WARN_NON_LITERAL_NULL_CONVERSION = YES;
				CLANG_WARN_OBJC_IMPLICIT_RETAIN_SELF = YES;
				CLANG_WARN_OBJC_LITERAL_CONVERSION = YES;
				CLANG_WARN_OBJC_ROOT_CLASS = YES_ERROR;
				CLANG_WARN_QUOTED_INCLUDE_IN_FRAMEWORK_HEADER = YES;
				CLANG_WARN_RANGE_LOOP_ANALYSIS = YES;
				CLANG_WARN_STRICT_PROTOTYPES = YES;
				CLANG_WARN_SUSPICIOUS_MOVE = YES;
				CLANG_WARN_UNGUARDED_AVAILABILITY = YES_AGGRESSIVE;
				CLANG_WARN_UNREACHABLE_CODE = YES;
				CLANG_WARN__DUPLICATE_METHOD_MATCH = YES;
				COPY_PHASE_STRIP = NO;
				DEBUG_INFORMATION_FORMAT = dwarf;
				ENABLE_STRICT_OBJC_MSGSEND = YES;
				ENABLE_TESTABILITY = YES;
				GCC_C_LANGUAGE_STANDARD = gnu11;
				GCC_DYNAMIC_NO_PIC = NO;
				GCC_NO_COMMON_BLOCKS = YES;
				GCC_OPTIMIZATION_LEVEL = 0;
				GCC_PREPROCESSOR_DEFINITIONS = (
					"DEBUG=1",
					"$(inherited)",
				);
				GCC_WARN_64_TO_32_BIT_CONVERSION = YES;
				GCC_WARN_ABOUT_RETURN_TYPE = YES_ERROR;
				GCC_WARN_UNDECLARED_SELECTOR = YES;
				GCC_WARN_UNINITIALIZED_AUTOS = YES_AGGRESSIVE;
				GCC_WARN_UNUSED_FUNCTION = YES;
				GCC_WARN_UNUSED_VARIABLE = YES;
				IPHONEOS_DEPLOYMENT_TARGET = 13.4;
				MACOSX_DEPLOYMENT_TARGET = 10.15;
				MTL_ENABLE_DEBUG_INFO = INCLUDE_SOURCE;
				MTL_FAST_MATH = YES;
				ONLY_ACTIVE_ARCH = YES;
				SDKROOT = iphoneos;
				SWIFT_ACTIVE_COMPILATION_CONDITIONS = DEBUG;
				SWIFT_OPTIMIZATION_LEVEL = "-Onone";
			};
			name = Debug;
		};
		511CEAF12452D4EF00A7ACE9 /* Release */ = {
			isa = XCBuildConfiguration;
			buildSettings = {
				ALWAYS_SEARCH_USER_PATHS = NO;
				CLANG_ANALYZER_NONNULL = YES;
				CLANG_ANALYZER_NUMBER_OBJECT_CONVERSION = YES_AGGRESSIVE;
				CLANG_CXX_LANGUAGE_STANDARD = "gnu++14";
				CLANG_CXX_LIBRARY = "libc++";
				CLANG_ENABLE_MODULES = YES;
				CLANG_ENABLE_OBJC_ARC = YES;
				CLANG_ENABLE_OBJC_WEAK = YES;
				CLANG_WARN_BLOCK_CAPTURE_AUTORELEASING = YES;
				CLANG_WARN_BOOL_CONVERSION = YES;
				CLANG_WARN_COMMA = YES;
				CLANG_WARN_CONSTANT_CONVERSION = YES;
				CLANG_WARN_DEPRECATED_OBJC_IMPLEMENTATIONS = YES;
				CLANG_WARN_DIRECT_OBJC_ISA_USAGE = YES_ERROR;
				CLANG_WARN_DOCUMENTATION_COMMENTS = YES;
				CLANG_WARN_EMPTY_BODY = YES;
				CLANG_WARN_ENUM_CONVERSION = YES;
				CLANG_WARN_INFINITE_RECURSION = YES;
				CLANG_WARN_INT_CONVERSION = YES;
				CLANG_WARN_NON_LITERAL_NULL_CONVERSION = YES;
				CLANG_WARN_OBJC_IMPLICIT_RETAIN_SELF = YES;
				CLANG_WARN_OBJC_LITERAL_CONVERSION = YES;
				CLANG_WARN_OBJC_ROOT_CLASS = YES_ERROR;
				CLANG_WARN_QUOTED_INCLUDE_IN_FRAMEWORK_HEADER = YES;
				CLANG_WARN_RANGE_LOOP_ANALYSIS = YES;
				CLANG_WARN_STRICT_PROTOTYPES = YES;
				CLANG_WARN_SUSPICIOUS_MOVE = YES;
				CLANG_WARN_UNGUARDED_AVAILABILITY = YES_AGGRESSIVE;
				CLANG_WARN_UNREACHABLE_CODE = YES;
				CLANG_WARN__DUPLICATE_METHOD_MATCH = YES;
				COPY_PHASE_STRIP = NO;
				DEBUG_INFORMATION_FORMAT = "dwarf-with-dsym";
				ENABLE_NS_ASSERTIONS = NO;
				ENABLE_STRICT_OBJC_MSGSEND = YES;
				GCC_C_LANGUAGE_STANDARD = gnu11;
				GCC_NO_COMMON_BLOCKS = YES;
				GCC_WARN_64_TO_32_BIT_CONVERSION = YES;
				GCC_WARN_ABOUT_RETURN_TYPE = YES_ERROR;
				GCC_WARN_UNDECLARED_SELECTOR = YES;
				GCC_WARN_UNINITIALIZED_AUTOS = YES_AGGRESSIVE;
				GCC_WARN_UNUSED_FUNCTION = YES;
				GCC_WARN_UNUSED_VARIABLE = YES;
				IPHONEOS_DEPLOYMENT_TARGET = 13.4;
				MACOSX_DEPLOYMENT_TARGET = 10.15;
				MTL_ENABLE_DEBUG_INFO = NO;
				MTL_FAST_MATH = YES;
				SDKROOT = iphoneos;
				SWIFT_COMPILATION_MODE = wholemodule;
				SWIFT_OPTIMIZATION_LEVEL = "-O";
				VALIDATE_PRODUCT = YES;
			};
			name = Release;
		};
		511CEAF32452D4EF00A7ACE9 /* Debug */ = {
			isa = XCBuildConfiguration;
			buildSettings = {
				ASSETCATALOG_COMPILER_APPICON_NAME = AppIcon;
				CODE_SIGN_ENTITLEMENTS = TorusDirectSDKDemo/TorusDirectSDKDemo.entitlements;
				CODE_SIGN_STYLE = Automatic;
				DEVELOPMENT_ASSET_PATHS = "\"TorusDirectSDKDemo/Preview Content\"";
				DEVELOPMENT_TEAM = 2Q63NCPY55;
				ENABLE_PREVIEWS = YES;
				INFOPLIST_FILE = TorusDirectSDKDemo/Info.plist;
				IPHONEOS_DEPLOYMENT_TARGET = 13.3;
				LD_RUNPATH_SEARCH_PATHS = (
					"$(inherited)",
					"@executable_path/Frameworks",
				);
				PRODUCT_BUNDLE_IDENTIFIER = com.torus.TorusDirectSDKDemo;
				PRODUCT_NAME = "$(TARGET_NAME)";
				SWIFT_VERSION = 5.0;
				TARGETED_DEVICE_FAMILY = "1,2";
			};
			name = Debug;
		};
		511CEAF42452D4EF00A7ACE9 /* Release */ = {
			isa = XCBuildConfiguration;
			buildSettings = {
				ASSETCATALOG_COMPILER_APPICON_NAME = AppIcon;
				CODE_SIGN_ENTITLEMENTS = TorusDirectSDKDemo/TorusDirectSDKDemo.entitlements;
				CODE_SIGN_STYLE = Automatic;
				DEVELOPMENT_ASSET_PATHS = "\"TorusDirectSDKDemo/Preview Content\"";
				DEVELOPMENT_TEAM = 2Q63NCPY55;
				ENABLE_PREVIEWS = YES;
				INFOPLIST_FILE = TorusDirectSDKDemo/Info.plist;
				IPHONEOS_DEPLOYMENT_TARGET = 13.3;
				LD_RUNPATH_SEARCH_PATHS = (
					"$(inherited)",
					"@executable_path/Frameworks",
				);
				PRODUCT_BUNDLE_IDENTIFIER = com.torus.TorusDirectSDKDemo;
				PRODUCT_NAME = "$(TARGET_NAME)";
				SWIFT_VERSION = 5.0;
				TARGETED_DEVICE_FAMILY = "1,2";
			};
			name = Release;
		};
		511CEAF62452D4EF00A7ACE9 /* Debug */ = {
			isa = XCBuildConfiguration;
			buildSettings = {
				ALWAYS_EMBED_SWIFT_STANDARD_LIBRARIES = YES;
				BUNDLE_LOADER = "$(TEST_HOST)";
				CODE_SIGN_STYLE = Automatic;
				INFOPLIST_FILE = TorusDirectSDKDemoTests/Info.plist;
				IPHONEOS_DEPLOYMENT_TARGET = 13.4;
				LD_RUNPATH_SEARCH_PATHS = (
					"$(inherited)",
					"@executable_path/Frameworks",
					"@loader_path/Frameworks",
				);
				PRODUCT_BUNDLE_IDENTIFIER = torus.TorusDirectSDKDemoTests;
				PRODUCT_NAME = "$(TARGET_NAME)";
				SWIFT_VERSION = 5.0;
				TARGETED_DEVICE_FAMILY = "1,2";
				TEST_HOST = "$(BUILT_PRODUCTS_DIR)/TorusDirectSDKDemo.app/TorusDirectSDKDemo";
			};
			name = Debug;
		};
		511CEAF72452D4EF00A7ACE9 /* Release */ = {
			isa = XCBuildConfiguration;
			buildSettings = {
				ALWAYS_EMBED_SWIFT_STANDARD_LIBRARIES = YES;
				BUNDLE_LOADER = "$(TEST_HOST)";
				CODE_SIGN_STYLE = Automatic;
				INFOPLIST_FILE = TorusDirectSDKDemoTests/Info.plist;
				IPHONEOS_DEPLOYMENT_TARGET = 13.4;
				LD_RUNPATH_SEARCH_PATHS = (
					"$(inherited)",
					"@executable_path/Frameworks",
					"@loader_path/Frameworks",
				);
				PRODUCT_BUNDLE_IDENTIFIER = torus.TorusDirectSDKDemoTests;
				PRODUCT_NAME = "$(TARGET_NAME)";
				SWIFT_VERSION = 5.0;
				TARGETED_DEVICE_FAMILY = "1,2";
				TEST_HOST = "$(BUILT_PRODUCTS_DIR)/TorusDirectSDKDemo.app/TorusDirectSDKDemo";
			};
			name = Release;
		};
		511CEAF92452D4EF00A7ACE9 /* Debug */ = {
			isa = XCBuildConfiguration;
			buildSettings = {
				ALWAYS_EMBED_SWIFT_STANDARD_LIBRARIES = YES;
				CODE_SIGN_STYLE = Automatic;
				INFOPLIST_FILE = TorusDirectSDKDemoUITests/Info.plist;
				LD_RUNPATH_SEARCH_PATHS = (
					"$(inherited)",
					"@executable_path/Frameworks",
					"@loader_path/Frameworks",
				);
				PRODUCT_BUNDLE_IDENTIFIER = torus.TorusDirectSDKDemoUITests;
				PRODUCT_NAME = "$(TARGET_NAME)";
				SWIFT_VERSION = 5.0;
				TARGETED_DEVICE_FAMILY = "1,2";
				TEST_TARGET_NAME = TorusDirectSDKDemo;
			};
			name = Debug;
		};
		511CEAFA2452D4EF00A7ACE9 /* Release */ = {
			isa = XCBuildConfiguration;
			buildSettings = {
				ALWAYS_EMBED_SWIFT_STANDARD_LIBRARIES = YES;
				CODE_SIGN_STYLE = Automatic;
				INFOPLIST_FILE = TorusDirectSDKDemoUITests/Info.plist;
				LD_RUNPATH_SEARCH_PATHS = (
					"$(inherited)",
					"@executable_path/Frameworks",
					"@loader_path/Frameworks",
				);
				PRODUCT_BUNDLE_IDENTIFIER = torus.TorusDirectSDKDemoUITests;
				PRODUCT_NAME = "$(TARGET_NAME)";
				SWIFT_VERSION = 5.0;
				TARGETED_DEVICE_FAMILY = "1,2";
				TEST_TARGET_NAME = TorusDirectSDKDemo;
			};
			name = Release;
		};
/* End XCBuildConfiguration section */

/* Begin XCConfigurationList section */
		511CEAC32452D4EC00A7ACE9 /* Build configuration list for PBXProject "TorusDirectSDKDemo" */ = {
			isa = XCConfigurationList;
			buildConfigurations = (
				511CEAF02452D4EF00A7ACE9 /* Debug */,
				511CEAF12452D4EF00A7ACE9 /* Release */,
			);
			defaultConfigurationIsVisible = 0;
			defaultConfigurationName = Release;
		};
		511CEAF22452D4EF00A7ACE9 /* Build configuration list for PBXNativeTarget "TorusDirectSDKDemo" */ = {
			isa = XCConfigurationList;
			buildConfigurations = (
				511CEAF32452D4EF00A7ACE9 /* Debug */,
				511CEAF42452D4EF00A7ACE9 /* Release */,
			);
			defaultConfigurationIsVisible = 0;
			defaultConfigurationName = Release;
		};
		511CEAF52452D4EF00A7ACE9 /* Build configuration list for PBXNativeTarget "TorusDirectSDKDemoTests" */ = {
			isa = XCConfigurationList;
			buildConfigurations = (
				511CEAF62452D4EF00A7ACE9 /* Debug */,
				511CEAF72452D4EF00A7ACE9 /* Release */,
			);
			defaultConfigurationIsVisible = 0;
			defaultConfigurationName = Release;
		};
		511CEAF82452D4EF00A7ACE9 /* Build configuration list for PBXNativeTarget "TorusDirectSDKDemoUITests" */ = {
			isa = XCConfigurationList;
			buildConfigurations = (
				511CEAF92452D4EF00A7ACE9 /* Debug */,
				511CEAFA2452D4EF00A7ACE9 /* Release */,
			);
			defaultConfigurationIsVisible = 0;
			defaultConfigurationName = Release;
		};
/* End XCConfigurationList section */

/* Begin XCSwiftPackageProductDependency section */
		51775EB62484B66A00A29680 /* TorusSwiftDirectSDK */ = {
			isa = XCSwiftPackageProductDependency;
			productName = TorusSwiftDirectSDK;
		};
/* End XCSwiftPackageProductDependency section */
	};
	rootObject = 511CEAC02452D4EC00A7ACE9 /* Project object */;
}
