PODS:
  - BigInt (5.2.0)
  - curvelib.swift (2.0.0)
  - CustomAuth (11.0.0):
    - JWTDecode (~> 3.2.0)
    - Torus-utils (~> 10.0.0)
  - JWTDecode (3.2.0)
  - Torus-fetchNodeDetails (8.0.0):
    - BigInt (~> 5.2.0)
  - Torus-utils (10.0.0):
    - curvelib.swift (~> 2.0.0)
    - Torus-fetchNodeDetails (~> 8.0.0)

DEPENDENCIES:
  - CustomAuth (from `../`)
  - Torus-utils (~> 10.0.0)

SPEC REPOS:
  https://github.com/CocoaPods/Specs.git:
    - BigInt
    - curvelib.swift
    - JWTDecode
    - Torus-fetchNodeDetails
    - Torus-utils

EXTERNAL SOURCES:
  CustomAuth:
    :path: "../"

SPEC CHECKSUMS:
  BigInt: f668a80089607f521586bbe29513d708491ef2f7
  curvelib.swift: b9223e5cac801effed8a5fe8968e952b3fe427a5
  CustomAuth: 3d9d95477f35d9560bdd595283f2103bce44538c
  JWTDecode: 7dae24cb9bf9b608eae61e5081029ec169bb5527
  Torus-fetchNodeDetails: 2a5fbb222ec28af4128d64e4c2d520c7db456b78
  Torus-utils: 4a1db3d9c1aa221df312ffa7ec154e7e4719850a

PODFILE CHECKSUM: f4a1d2e407b10056607aa36892f54a3affc05ffa

COCOAPODS: 1.15.2
