PODS:
  - BestLogger (0.0.3)
  - BigInt (5.0.0)
  - CryptoSwift (1.4.1)
  - GenericJSON (2.0.1)
  - PromiseKit/CorePromise (6.15.3)
  - PromiseKit/Foundation (6.15.3):
    - PromiseKit/CorePromise
  - secp256k1.swift (0.1.4)
  - Torus-directSDK (1.0.3):
    - BestLogger (~> 0.0.1)
    - Torus-utils (~> 1.0.0)
  - Torus-fetchNodeDetails (1.0.1):
    - BestLogger (~> 0.0.1)
    - PromiseKit/Foundation (~> 6.0)
    - web3.swift (~> 0.8.0)
  - Torus-utils (1.0.0):
    - BestLogger (~> 0.0.1)
    - CryptoSwift (~> 1.4.1)
    - PromiseKit/Foundation (~> 6.0)
    - secp256k1.swift (~> 0.1.4)
    - Torus-fetchNodeDetails (~> 1.0.0)
  - web3.swift (0.8.1):
    - BigInt (~> 5.0.0)
    - GenericJSON (~> 2.0)
    - secp256k1.swift (~> 0.1)

DEPENDENCIES:
  - Torus-directSDK (from `../`)

SPEC REPOS:
  trunk:
    - BestLogger
    - BigInt
    - CryptoSwift
    - GenericJSON
    - PromiseKit
    - secp256k1.swift
    - Torus-fetchNodeDetails
    - Torus-utils
    - web3.swift

EXTERNAL SOURCES:
  Torus-directSDK:
    :path: "../"

SPEC CHECKSUMS:
  BestLogger: 70475db073dfab3ec1ba9b58b0bb78126b068eee
  BigInt: 74b4d88367b0e819d9f77393549226d36faeb0d8
  CryptoSwift: 0bc800a7e6a24c4fc9ebeab97d44b0d5f73a78bd
  GenericJSON: a6e74e2c457f8693caab08e0eafde7d97e6666de
  PromiseKit: 3b2b6995e51a954c46dbc550ce3da44fbfb563c5
  secp256k1.swift: a7e7a214f6db6ce5db32cc6b2b45e5c4dd633634
  Torus-directSDK: 9a96c9205f4107497d99f230bdb5a35f096ee7b4
  Torus-fetchNodeDetails: c69511147b90578db35b875fd79d48752b4f994a
  Torus-utils: f18ee7f2556cad65c9e4f511eac05a82cc9c7708
  web3.swift: ce00a5e6e39fb184e33e3622e8be22ae53205e57

PODFILE CHECKSUM: 7f12e4a5f53e55529b1089b524feb8f740b814e5

COCOAPODS: 1.10.2
